
Microsoft Visual Studio Solution File, Format Version 12.00
# Visual Studio 2012
Project("{FAE04EC0-301F-11D3-BF4B-00C04F79EFBC}") = "Bjerre.Scraper", "Bjerre.Scraper\Bjerre.Scraper.csproj", "{688E35E7-28ED-4E16-AEEC-8841A988B065}"
EndProject
Project("{FAE04EC0-301F-11D3-BF4B-00C04F79EFBC}") = "Bjerre.Scraper.TestApp", "Bjerre.Scraper.TestApp\Bjerre.Scraper.TestApp.csproj", "{5A16585B-F19A-4DB9-80D3-9D72C294E798}"
EndProject
Global
	GlobalSection(SolutionConfigurationPlatforms) = preSolution
		Debug|Any CPU = Debug|Any CPU
		Release|Any CPU = Release|Any CPU
	EndGlobalSection
	GlobalSection(ProjectConfigurationPlatforms) = postSolution
		{688E35E7-28ED-4E16-AEEC-8841A988B065}.Debug|Any CPU.ActiveCfg = Debug|Any CPU
		{688E35E7-28ED-4E16-AEEC-8841A988B065}.Debug|Any CPU.Build.0 = Debug|Any CPU
		{688E35E7-28ED-4E16-AEEC-8841A988B065}.Release|Any CPU.ActiveCfg = Release|Any CPU
		{688E35E7-28ED-4E16-AEEC-8841A988B065}.Release|Any CPU.Build.0 = Release|Any CPU
		{5A16585B-F19A-4DB9-80D3-9D72C294E798}.Debug|Any CPU.ActiveCfg = Debug|Any CPU
		{5A16585B-F19A-4DB9-80D3-9D72C294E798}.Debug|Any CPU.Build.0 = Debug|Any CPU
		{5A16585B-F19A-4DB9-80D3-9D72C294E798}.Release|Any CPU.ActiveCfg = Release|Any CPU
		{5A16585B-F19A-4DB9-80D3-9D72C294E798}.Release|Any CPU.Build.0 = Release|Any CPU
	EndGlobalSection
	GlobalSection(SolutionProperties) = preSolution
		HideSolutionNode = FALSE
	EndGlobalSection
EndGlobal
